
Microsoft Visual Studio Solution File, Format Version 12.00
# Visual Studio 15
VisualStudioVersion = 15.0.28307.705
MinimumVisualStudioVersion = 10.0.40219.1
Project("{FAE04EC0-301F-11D3-BF4B-00C04F79EFBC}") = "ftpClientConApp", "ftpClientConApp\ftpClientConApp.csproj", "{961D4FF6-C709-4005-B985-93E4DAE7A798}"
EndProject
Project("{FAE04EC0-301F-11D3-BF4B-00C04F79EFBC}") = "ftpClientConAppTest", "ftpClientConAppTest\ftpClientConAppTest.csproj", "{7B49765F-3CE4-4A18-A06D-87E68BF29A65}"
EndProject
Global
	GlobalSection(SolutionConfigurationPlatforms) = preSolution
		Debug|Any CPU = Debug|Any CPU
		Release|Any CPU = Release|Any CPU
	EndGlobalSection
	GlobalSection(ProjectConfigurationPlatforms) = postSolution
		{961D4FF6-C709-4005-B985-93E4DAE7A798}.Debug|Any CPU.ActiveCfg = Debug|Any CPU
		{961D4FF6-C709-4005-B985-93E4DAE7A798}.Debug|Any CPU.Build.0 = Debug|Any CPU
		{961D4FF6-C709-4005-B985-93E4DAE7A798}.Release|Any CPU.ActiveCfg = Release|Any CPU
		{961D4FF6-C709-4005-B985-93E4DAE7A798}.Release|Any CPU.Build.0 = Release|Any CPU
		{7B49765F-3CE4-4A18-A06D-87E68BF29A65}.Debug|Any CPU.ActiveCfg = Debug|Any CPU
		{7B49765F-3CE4-4A18-A06D-87E68BF29A65}.Debug|Any CPU.Build.0 = Debug|Any CPU
		{7B49765F-3CE4-4A18-A06D-87E68BF29A65}.Release|Any CPU.ActiveCfg = Release|Any CPU
		{7B49765F-3CE4-4A18-A06D-87E68BF29A65}.Release|Any CPU.Build.0 = Release|Any CPU
	EndGlobalSection
	GlobalSection(SolutionProperties) = preSolution
		HideSolutionNode = FALSE
	EndGlobalSection
	GlobalSection(ExtensibilityGlobals) = postSolution
		SolutionGuid = {E648828B-31AB-4141-A9E4-29CFE6BB37AC}
	EndGlobalSection
EndGlobal
